
Microsoft Visual Studio Solution File, Format Version 12.00
# Visual Studio Version 17
VisualStudioVersion = 17.1.32210.238
MinimumVisualStudioVersion = 10.0.40219.1
Project("{FAE04EC0-301F-11D3-BF4B-00C04F79EFBC}") = "Assignment1", "Assignment1.csproj", "{097BC8D2-20E5-45E2-AB64-DA1A44AC4589}"
EndProject
Global
	GlobalSection(SolutionConfigurationPlatforms) = preSolution
		Debug|Any CPU = Debug|Any CPU
		Release|Any CPU = Release|Any CPU
	EndGlobalSection
	GlobalSection(ProjectConfigurationPlatforms) = postSolution
		{097BC8D2-20E5-45E2-AB64-DA1A44AC4589}.Debug|Any CPU.ActiveCfg = Debug|Any CPU
		{097BC8D2-20E5-45E2-AB64-DA1A44AC4589}.Debug|Any CPU.Build.0 = Debug|Any CPU
		{097BC8D2-20E5-45E2-AB64-DA1A44AC4589}.Release|Any CPU.ActiveCfg = Release|Any CPU
		{097BC8D2-20E5-45E2-AB64-DA1A44AC4589}.Release|Any CPU.Build.0 = Release|Any CPU
	EndGlobalSection
	GlobalSection(SolutionProperties) = preSolution
		HideSolutionNode = FALSE
	EndGlobalSection
	GlobalSection(ExtensibilityGlobals) = postSolution
		SolutionGuid = {F3CB20AC-A04A-4B6A-9F89-C24ED34C6281}
	EndGlobalSection
EndGlobal
