
Microsoft Visual Studio Solution File, Format Version 12.00
# Visual Studio Version 17
VisualStudioVersion = 17.1.32228.430
MinimumVisualStudioVersion = 10.0.40219.1
Project("{FAE04EC0-301F-11D3-BF4B-00C04F79EFBC}") = "Assignment17", "Assignment17.csproj", "{2E3EE5D8-DA61-4B48-A67C-F423907AAF9A}"
EndProject
Global
	GlobalSection(SolutionConfigurationPlatforms) = preSolution
		Debug|Any CPU = Debug|Any CPU
		Release|Any CPU = Release|Any CPU
	EndGlobalSection
	GlobalSection(ProjectConfigurationPlatforms) = postSolution
		{2E3EE5D8-DA61-4B48-A67C-F423907AAF9A}.Debug|Any CPU.ActiveCfg = Debug|Any CPU
		{2E3EE5D8-DA61-4B48-A67C-F423907AAF9A}.Debug|Any CPU.Build.0 = Debug|Any CPU
		{2E3EE5D8-DA61-4B48-A67C-F423907AAF9A}.Release|Any CPU.ActiveCfg = Release|Any CPU
		{2E3EE5D8-DA61-4B48-A67C-F423907AAF9A}.Release|Any CPU.Build.0 = Release|Any CPU
	EndGlobalSection
	GlobalSection(SolutionProperties) = preSolution
		HideSolutionNode = FALSE
	EndGlobalSection
	GlobalSection(ExtensibilityGlobals) = postSolution
		SolutionGuid = {944070E0-58C0-4621-B1A3-2A9DCB7672E1}
	EndGlobalSection
EndGlobal
